{
  "name": "LeetBoard",
  "version": "1.0.0",
  "lockfileVersion": 1,
  "requires": true,
  "dependencies": {
    "@material/animation": {
      "version": "4.0.0",
      "resolved": "https://registry.npm.taobao.org/@material/animation/download/@material/animation-4.0.0.tgz",
      "integrity": "sha1-Gerzd4CfIJePhFKkI30nhn0//R0=",
      "requires": {
        "tslib": "^1.9.3"
      }
    },
    "@material/auto-init": {
      "version": "4.0.0",
      "resolved": "https://registry.npm.taobao.org/@material/auto-init/download/@material/auto-init-4.0.0.tgz",
      "integrity": "sha1-TDUFFUYQUllg5GuB4+0LO82q/YE=",
      "requires": {
        "@material/base": "^4.0.0",
        "tslib": "^1.9.3"
      }
    },
    "@material/base": {
      "version": "4.0.0",
      "resolved": "https://registry.npm.taobao.org/@material/base/download/@material/base-4.0.0.tgz",
      "integrity": "sha1-U1V00LY8GIks+3Doiye8j4CQZ3o=",
      "requires": {
        "tslib": "^1.9.3"
      }
    },
    "@material/button": {
      "version": "4.0.0",
      "resolved": "https://registry.npm.taobao.org/@material/button/download/@material/button-4.0.0.tgz",
      "integrity": "sha1-cUy6UabT0zxR/hBvjQ0RRZbZWx0=",
      "requires": {
        "@material/density": "^4.0.0",
        "@material/elevation": "^4.0.0",
        "@material/feature-targeting": "^4.0.0",
        "@material/ripple": "^4.0.0",
        "@material/rtl": "^4.0.0",
        "@material/shape": "^4.0.0",
        "@material/theme": "^4.0.0",
        "@material/touch-target": "^4.0.0",
        "@material/typography": "^4.0.0"
      }
    },
    "@material/card": {
      "version": "4.0.0",
      "resolved": "https://registry.npm.taobao.org/@material/card/download/@material/card-4.0.0.tgz",
      "integrity": "sha1-A1ZgLws+7TdZTj9+iHSq1ITZuUg=",
      "requires": {
        "@material/elevation": "^4.0.0",
        "@material/feature-targeting": "^4.0.0",
        "@material/ripple": "^4.0.0",
        "@material/rtl": "^4.0.0",
        "@material/shape": "^4.0.0",
        "@material/theme": "^4.0.0"
      }
    },
    "@material/checkbox": {
      "version": "4.0.0",
      "resolved": "https://registry.npm.taobao.org/@material/checkbox/download/@material/checkbox-4.0.0.tgz",
      "integrity": "sha1-H9WCbwCGheqNmJn+oGBuz2W+miY=",
      "requires": {
        "@material/animation": "^4.0.0",
        "@material/base": "^4.0.0",
        "@material/density": "^4.0.0",
        "@material/dom": "^4.0.0",
        "@material/feature-targeting": "^4.0.0",
        "@material/ripple": "^4.0.0",
        "@material/theme": "^4.0.0",
        "@material/touch-target": "^4.0.0",
        "tslib": "^1.9.3"
      }
    },
    "@material/chips": {
      "version": "4.0.0",
      "resolved": "https://registry.npm.taobao.org/@material/chips/download/@material/chips-4.0.0.tgz",
      "integrity": "sha1-kErD5M+jFqhT7w5KAmZiWpiBwo4=",
      "requires": {
        "@material/animation": "^4.0.0",
        "@material/base": "^4.0.0",
        "@material/checkbox": "^4.0.0",
        "@material/elevation": "^4.0.0",
        "@material/feature-targeting": "^4.0.0",
        "@material/ripple": "^4.0.0",
        "@material/shape": "^4.0.0",
        "@material/theme": "^4.0.0",
        "@material/touch-target": "^4.0.0",
        "@material/typography": "^4.0.0",
        "tslib": "^1.9.3"
      }
    },
    "@material/data-table": {
      "version": "4.0.0",
      "resolved": "https://registry.npm.taobao.org/@material/data-table/download/@material/data-table-4.0.0.tgz",
      "integrity": "sha1-mtP+HgXNiTrAl6c8MS0SAeoqB9Y=",
      "requires": {
        "@material/animation": "^4.0.0",
        "@material/base": "^4.0.0",
        "@material/checkbox": "^4.0.0",
        "@material/density": "^4.0.0",
        "@material/dom": "^4.0.0",
        "@material/elevation": "^4.0.0",
        "@material/feature-targeting": "^4.0.0",
        "@material/ripple": "^4.0.0",
        "@material/rtl": "^4.0.0",
        "@material/shape": "^4.0.0",
        "@material/theme": "^4.0.0",
        "@material/typography": "^4.0.0",
        "tslib": "^1.10.0"
      }
    },
    "@material/density": {
      "version": "4.0.0",
      "resolved": "https://registry.npm.taobao.org/@material/density/download/@material/density-4.0.0.tgz",
      "integrity": "sha1-W8S7psEjL24HXIgpU1fm697kNT8="
    },
    "@material/dialog": {
      "version": "4.0.0",
      "resolved": "https://registry.npm.taobao.org/@material/dialog/download/@material/dialog-4.0.0.tgz",
      "integrity": "sha1-CYYTFbgMIXrPKoqfnqYgHizy0qc=",
      "requires": {
        "@material/animation": "^4.0.0",
        "@material/base": "^4.0.0",
        "@material/dom": "^4.0.0",
        "@material/elevation": "^4.0.0",
        "@material/feature-targeting": "^4.0.0",
        "@material/ripple": "^4.0.0",
        "@material/rtl": "^4.0.0",
        "@material/shape": "^4.0.0",
        "@material/theme": "^4.0.0",
        "@material/touch-target": "^4.0.0",
        "@material/typography": "^4.0.0",
        "focus-trap": "^5.0.0",
        "tslib": "^1.9.3"
      }
    },
    "@material/dom": {
      "version": "4.0.0",
      "resolved": "https://registry.npm.taobao.org/@material/dom/download/@material/dom-4.0.0.tgz",
      "integrity": "sha1-8OaMRCnlVQQDBMlYuz4RYUJ2/fo=",
      "requires": {
        "tslib": "^1.9.3"
      }
    },
    "@material/drawer": {
      "version": "4.0.0",
      "resolved": "https://registry.npm.taobao.org/@material/drawer/download/@material/drawer-4.0.0.tgz",
      "integrity": "sha1-B9ZuQXD2uALvkCJI292xaT6tVfI=",
      "requires": {
        "@material/animation": "^4.0.0",
        "@material/base": "^4.0.0",
        "@material/elevation": "^4.0.0",
        "@material/feature-targeting": "^4.0.0",
        "@material/list": "^4.0.0",
        "@material/ripple": "^4.0.0",
        "@material/rtl": "^4.0.0",
        "@material/shape": "^4.0.0",
        "@material/theme": "^4.0.0",
        "@material/typography": "^4.0.0",
        "focus-trap": "^5.0.0",
        "tslib": "^1.9.3"
      }
    },
    "@material/elevation": {
      "version": "4.0.0",
      "resolved": "https://registry.npm.taobao.org/@material/elevation/download/@material/elevation-4.0.0.tgz",
      "integrity": "sha1-WLqByMnv0LXTv+1/qRXUkw2BS5c=",
      "requires": {
        "@material/animation": "^4.0.0",
        "@material/feature-targeting": "^4.0.0",
        "@material/theme": "^4.0.0"
      }
    },
    "@material/fab": {
      "version": "4.0.0",
      "resolved": "https://registry.npm.taobao.org/@material/fab/download/@material/fab-4.0.0.tgz",
      "integrity": "sha1-Y0A1pO8IeFb7xjneYO/DJ3LY3LE=",
      "requires": {
        "@material/animation": "^4.0.0",
        "@material/elevation": "^4.0.0",
        "@material/feature-targeting": "^4.0.0",
        "@material/ripple": "^4.0.0",
        "@material/rtl": "^4.0.0",
        "@material/shape": "^4.0.0",
        "@material/theme": "^4.0.0",
        "@material/typography": "^4.0.0"
      }
    },
    "@material/feature-targeting": {
      "version": "4.0.0",
      "resolved": "https://registry.npm.taobao.org/@material/feature-targeting/download/@material/feature-targeting-4.0.0.tgz",
      "integrity": "sha1-jZ0UcIAaH9FmdzcxYT2fqJ4P2F4="
    },
    "@material/floating-label": {
      "version": "4.0.0",
      "resolved": "https://registry.npm.taobao.org/@material/floating-label/download/@material/floating-label-4.0.0.tgz",
      "integrity": "sha1-KI6sa4L/RyRy9ngDL8lAJBVaQsg=",
      "requires": {
        "@material/animation": "^4.0.0",
        "@material/base": "^4.0.0",
        "@material/rtl": "^4.0.0",
        "@material/theme": "^4.0.0",
        "@material/typography": "^4.0.0",
        "tslib": "^1.9.3"
      }
    },
    "@material/form-field": {
      "version": "4.0.0",
      "resolved": "https://registry.npm.taobao.org/@material/form-field/download/@material/form-field-4.0.0.tgz",
      "integrity": "sha1-GW3ID6NYdu4tbkMh6BhkKa6UAbs=",
      "requires": {
        "@material/base": "^4.0.0",
        "@material/feature-targeting": "^4.0.0",
        "@material/ripple": "^4.0.0",
        "@material/rtl": "^4.0.0",
        "@material/theme": "^4.0.0",
        "@material/typography": "^4.0.0",
        "tslib": "^1.9.3"
      }
    },
    "@material/grid-list": {
      "version": "4.0.0",
      "resolved": "https://registry.npm.taobao.org/@material/grid-list/download/@material/grid-list-4.0.0.tgz",
      "integrity": "sha1-BDap7u2LRBRYfAd+DEP4gopU0qk=",
      "requires": {
        "@material/base": "^4.0.0",
        "@material/feature-targeting": "^4.0.0",
        "@material/rtl": "^4.0.0",
        "@material/theme": "^4.0.0",
        "@material/typography": "^4.0.0",
        "tslib": "^1.9.3"
      }
    },
    "@material/icon-button": {
      "version": "4.0.0",
      "resolved": "https://registry.npm.taobao.org/@material/icon-button/download/@material/icon-button-4.0.0.tgz",
      "integrity": "sha1-9yk0YvG0lncS+bh1W4fCIo3MzD0=",
      "requires": {
        "@material/base": "^4.0.0",
        "@material/feature-targeting": "^4.0.0",
        "@material/ripple": "^4.0.0",
        "@material/theme": "^4.0.0",
        "tslib": "^1.9.3"
      }
    },
    "@material/image-list": {
      "version": "4.0.0",
      "resolved": "https://registry.npm.taobao.org/@material/image-list/download/@material/image-list-4.0.0.tgz",
      "integrity": "sha1-6TVVZxzgDZ+movLKM3om2JWqgX8=",
      "requires": {
        "@material/feature-targeting": "^4.0.0",
        "@material/shape": "^4.0.0",
        "@material/theme": "^4.0.0",
        "@material/typography": "^4.0.0"
      }
    },
    "@material/layout-grid": {
      "version": "4.0.0",
      "resolved": "https://registry.npm.taobao.org/@material/layout-grid/download/@material/layout-grid-4.0.0.tgz",
      "integrity": "sha1-3UJTNnEGh8OnDLMJt0EED7MoySw="
    },
    "@material/line-ripple": {
      "version": "4.0.0",
      "resolved": "https://registry.npm.taobao.org/@material/line-ripple/download/@material/line-ripple-4.0.0.tgz",
      "integrity": "sha1-5H6x/jzn4os25Scch53Fn+470Zs=",
      "requires": {
        "@material/animation": "^4.0.0",
        "@material/base": "^4.0.0",
        "@material/theme": "^4.0.0",
        "tslib": "^1.9.3"
      }
    },
    "@material/linear-progress": {
      "version": "4.0.0",
      "resolved": "https://registry.npm.taobao.org/@material/linear-progress/download/@material/linear-progress-4.0.0.tgz",
      "integrity": "sha1-tA0zHcA6m4vz/4qQXgyOrDRY/7I=",
      "requires": {
        "@material/animation": "^4.0.0",
        "@material/base": "^4.0.0",
        "@material/feature-targeting": "^4.0.0",
        "@material/theme": "^4.0.0",
        "tslib": "^1.9.3"
      }
    },
    "@material/list": {
      "version": "4.0.0",
      "resolved": "https://registry.npm.taobao.org/@material/list/download/@material/list-4.0.0.tgz",
      "integrity": "sha1-IG4Tkg0HDC9TgCfgtJBbwrkD5k0=",
      "requires": {
        "@material/base": "^4.0.0",
        "@material/density": "^4.0.0",
        "@material/dom": "^4.0.0",
        "@material/feature-targeting": "^4.0.0",
        "@material/ripple": "^4.0.0",
        "@material/rtl": "^4.0.0",
        "@material/shape": "^4.0.0",
        "@material/theme": "^4.0.0",
        "@material/typography": "^4.0.0",
        "tslib": "^1.9.3"
      }
    },
    "@material/menu": {
      "version": "4.0.0",
      "resolved": "https://registry.npm.taobao.org/@material/menu/download/@material/menu-4.0.0.tgz",
      "integrity": "sha1-/r6RlIktrqndJQSio4uvxcdoZME=",
      "requires": {
        "@material/base": "^4.0.0",
        "@material/dom": "^4.0.0",
        "@material/feature-targeting": "^4.0.0",
        "@material/list": "^4.0.0",
        "@material/menu-surface": "^4.0.0",
        "@material/ripple": "^4.0.0",
        "@material/rtl": "^4.0.0",
        "tslib": "^1.9.3"
      }
    },
    "@material/menu-surface": {
      "version": "4.0.0",
      "resolved": "https://registry.npm.taobao.org/@material/menu-surface/download/@material/menu-surface-4.0.0.tgz",
      "integrity": "sha1-beZwv7xdAHXya69Y5G0AqRhUEx8=",
      "requires": {
        "@material/animation": "^4.0.0",
        "@material/base": "^4.0.0",
        "@material/elevation": "^4.0.0",
        "@material/feature-targeting": "^4.0.0",
        "@material/rtl": "^4.0.0",
        "@material/shape": "^4.0.0",
        "@material/theme": "^4.0.0",
        "tslib": "^1.9.3"
      }
    },
    "@material/notched-outline": {
      "version": "4.0.0",
      "resolved": "https://registry.npm.taobao.org/@material/notched-outline/download/@material/notched-outline-4.0.0.tgz",
      "integrity": "sha1-Y8jR+FbeAys8mp8mVEGd6G9LK0o=",
      "requires": {
        "@material/base": "^4.0.0",
        "@material/floating-label": "^4.0.0",
        "@material/rtl": "^4.0.0",
        "@material/shape": "^4.0.0",
        "@material/theme": "^4.0.0",
        "tslib": "^1.9.3"
      }
    },
    "@material/radio": {
      "version": "4.0.0",
      "resolved": "https://registry.npm.taobao.org/@material/radio/download/@material/radio-4.0.0.tgz",
      "integrity": "sha1-BLpc3crFVA0yszR0xKXrULS9eGA=",
      "requires": {
        "@material/animation": "^4.0.0",
        "@material/base": "^4.0.0",
        "@material/density": "^4.0.0",
        "@material/dom": "^4.0.0",
        "@material/feature-targeting": "^4.0.0",
        "@material/ripple": "^4.0.0",
        "@material/theme": "^4.0.0",
        "@material/touch-target": "^4.0.0",
        "tslib": "^1.9.3"
      }
    },
    "@material/ripple": {
      "version": "4.0.0",
      "resolved": "https://registry.npm.taobao.org/@material/ripple/download/@material/ripple-4.0.0.tgz",
      "integrity": "sha1-kGukIaPmxoZR2CnUTFCpUGCqHnU=",
      "requires": {
        "@material/animation": "^4.0.0",
        "@material/base": "^4.0.0",
        "@material/dom": "^4.0.0",
        "@material/feature-targeting": "^4.0.0",
        "@material/theme": "^4.0.0",
        "tslib": "^1.9.3"
      }
    },
    "@material/rtl": {
      "version": "4.0.0",
      "resolved": "https://registry.npm.taobao.org/@material/rtl/download/@material/rtl-4.0.0.tgz",
      "integrity": "sha1-vAfgp8RxdLJUKGLCUrDjW0QynEc="
    },
    "@material/select": {
      "version": "4.0.0",
      "resolved": "https://registry.npm.taobao.org/@material/select/download/@material/select-4.0.0.tgz",
      "integrity": "sha1-GNNCinIneFjKkvrlQ0ILS38ewkc=",
      "requires": {
        "@material/animation": "^4.0.0",
        "@material/base": "^4.0.0",
        "@material/floating-label": "^4.0.0",
        "@material/line-ripple": "^4.0.0",
        "@material/menu": "^4.0.0",
        "@material/menu-surface": "^4.0.0",
        "@material/notched-outline": "^4.0.0",
        "@material/ripple": "^4.0.0",
        "@material/rtl": "^4.0.0",
        "@material/shape": "^4.0.0",
        "@material/theme": "^4.0.0",
        "@material/typography": "^4.0.0",
        "tslib": "^1.9.3"
      }
    },
    "@material/shape": {
      "version": "4.0.0",
      "resolved": "https://registry.npm.taobao.org/@material/shape/download/@material/shape-4.0.0.tgz",
      "integrity": "sha1-3fTcv9KQ02f4CyYBT+4KH0kNw8s=",
      "requires": {
        "@material/feature-targeting": "^4.0.0"
      }
    },
    "@material/slider": {
      "version": "4.0.0",
      "resolved": "https://registry.npm.taobao.org/@material/slider/download/@material/slider-4.0.0.tgz",
      "integrity": "sha1-ehWW96MYOOGMt7vhXewtETH4K7E=",
      "requires": {
        "@material/animation": "^4.0.0",
        "@material/base": "^4.0.0",
        "@material/dom": "^4.0.0",
        "@material/feature-targeting": "^4.0.0",
        "@material/rtl": "^4.0.0",
        "@material/theme": "^4.0.0",
        "@material/typography": "^4.0.0",
        "tslib": "^1.9.3"
      }
    },
    "@material/snackbar": {
      "version": "4.0.0",
      "resolved": "https://registry.npm.taobao.org/@material/snackbar/download/@material/snackbar-4.0.0.tgz",
      "integrity": "sha1-NHRF+dxeeDxnNzTfkJr/ArwrKaE=",
      "requires": {
        "@material/animation": "^4.0.0",
        "@material/base": "^4.0.0",
        "@material/button": "^4.0.0",
        "@material/dom": "^4.0.0",
        "@material/feature-targeting": "^4.0.0",
        "@material/icon-button": "^4.0.0",
        "@material/ripple": "^4.0.0",
        "@material/rtl": "^4.0.0",
        "@material/shape": "^4.0.0",
        "@material/theme": "^4.0.0",
        "@material/typography": "^4.0.0",
        "tslib": "^1.9.3"
      }
    },
    "@material/switch": {
      "version": "4.0.0",
      "resolved": "https://registry.npm.taobao.org/@material/switch/download/@material/switch-4.0.0.tgz",
      "integrity": "sha1-XF2jA4n0j09SReufMly8Dl9r8tQ=",
      "requires": {
        "@material/animation": "^4.0.0",
        "@material/base": "^4.0.0",
        "@material/dom": "^4.0.0",
        "@material/elevation": "^4.0.0",
        "@material/feature-targeting": "^4.0.0",
        "@material/ripple": "^4.0.0",
        "@material/rtl": "^4.0.0",
        "@material/theme": "^4.0.0",
        "tslib": "^1.9.3"
      }
    },
    "@material/tab": {
      "version": "4.0.0",
      "resolved": "https://registry.npm.taobao.org/@material/tab/download/@material/tab-4.0.0.tgz",
      "integrity": "sha1-M/gABWINj23JPPPXDSxvQ+fEyD4=",
      "requires": {
        "@material/base": "^4.0.0",
        "@material/feature-targeting": "^4.0.0",
        "@material/ripple": "^4.0.0",
        "@material/rtl": "^4.0.0",
        "@material/tab-indicator": "^4.0.0",
        "@material/theme": "^4.0.0",
        "@material/typography": "^4.0.0",
        "tslib": "^1.9.3"
      }
    },
    "@material/tab-bar": {
      "version": "4.0.0",
      "resolved": "https://registry.npm.taobao.org/@material/tab-bar/download/@material/tab-bar-4.0.0.tgz",
      "integrity": "sha1-LjJPK/zVVqxoWBaQAgvePciDofw=",
      "requires": {
        "@material/animation": "^4.0.0",
        "@material/base": "^4.0.0",
        "@material/density": "^4.0.0",
        "@material/elevation": "^4.0.0",
        "@material/feature-targeting": "^4.0.0",
        "@material/tab": "^4.0.0",
        "@material/tab-scroller": "^4.0.0",
        "tslib": "^1.9.3"
      }
    },
    "@material/tab-indicator": {
      "version": "4.0.0",
      "resolved": "https://registry.npm.taobao.org/@material/tab-indicator/download/@material/tab-indicator-4.0.0.tgz",
      "integrity": "sha1-PJwnpogCBdOt2q7o2rlx/qANzTE=",
      "requires": {
        "@material/animation": "^4.0.0",
        "@material/base": "^4.0.0",
        "@material/feature-targeting": "^4.0.0",
        "@material/theme": "^4.0.0",
        "tslib": "^1.9.3"
      }
    },
    "@material/tab-scroller": {
      "version": "4.0.0",
      "resolved": "https://registry.npm.taobao.org/@material/tab-scroller/download/@material/tab-scroller-4.0.0.tgz",
      "integrity": "sha1-+OoAlMNqHw9J6FV1AV1gZ0d/+KU=",
      "requires": {
        "@material/animation": "^4.0.0",
        "@material/base": "^4.0.0",
        "@material/dom": "^4.0.0",
        "@material/feature-targeting": "^4.0.0",
        "@material/tab": "^4.0.0",
        "tslib": "^1.9.3"
      }
    },
    "@material/textfield": {
      "version": "4.0.0",
      "resolved": "https://registry.npm.taobao.org/@material/textfield/download/@material/textfield-4.0.0.tgz",
      "integrity": "sha1-Ozmh7RruFmsOt1cjfvE1nroxLzY=",
      "requires": {
        "@material/animation": "^4.0.0",
        "@material/base": "^4.0.0",
        "@material/density": "^4.0.0",
        "@material/dom": "^4.0.0",
        "@material/floating-label": "^4.0.0",
        "@material/line-ripple": "^4.0.0",
        "@material/notched-outline": "^4.0.0",
        "@material/ripple": "^4.0.0",
        "@material/rtl": "^4.0.0",
        "@material/shape": "^4.0.0",
        "@material/theme": "^4.0.0",
        "@material/typography": "^4.0.0",
        "tslib": "^1.9.3"
      }
    },
    "@material/theme": {
      "version": "4.0.0",
      "resolved": "https://registry.npm.taobao.org/@material/theme/download/@material/theme-4.0.0.tgz",
      "integrity": "sha1-jeOI/NuuIP0JsCo73vMEm/L2I6g=",
      "requires": {
        "@material/feature-targeting": "^4.0.0"
      }
    },
    "@material/top-app-bar": {
      "version": "4.0.0",
      "resolved": "https://registry.npm.taobao.org/@material/top-app-bar/download/@material/top-app-bar-4.0.0.tgz",
      "integrity": "sha1-9Z08Sk/Lbi7XzHjjZCp1HGImW5U=",
      "requires": {
        "@material/animation": "^4.0.0",
        "@material/base": "^4.0.0",
        "@material/elevation": "^4.0.0",
        "@material/icon-button": "^4.0.0",
        "@material/ripple": "^4.0.0",
        "@material/rtl": "^4.0.0",
        "@material/shape": "^4.0.0",
        "@material/theme": "^4.0.0",
        "@material/typography": "^4.0.0",
        "tslib": "^1.9.3"
      }
    },
    "@material/touch-target": {
      "version": "4.0.0",
      "resolved": "https://registry.npm.taobao.org/@material/touch-target/download/@material/touch-target-4.0.0.tgz",
      "integrity": "sha1-p8jeo9/bnBPKgakOp+CvM89+QLo=",
      "requires": {
        "@material/feature-targeting": "^4.0.0"
      }
    },
    "@material/typography": {
      "version": "4.0.0",
      "resolved": "https://registry.npm.taobao.org/@material/typography/download/@material/typography-4.0.0.tgz",
      "integrity": "sha1-V756yLgZ8q4p1IyUQ7ET0vVYXsw=",
      "requires": {
        "@material/feature-targeting": "^4.0.0"
      }
    },
    "focus-trap": {
      "version": "5.1.0",
      "resolved": "https://registry.npm.taobao.org/focus-trap/download/focus-trap-5.1.0.tgz",
      "integrity": "sha1-ZKC/q9lcOCEDOX28lr/vOjz45a0=",
      "requires": {
        "tabbable": "^4.0.0",
        "xtend": "^4.0.1"
      }
    },
    "material-components-web": {
      "version": "4.0.0",
      "resolved": "https://registry.npm.taobao.org/material-components-web/download/material-components-web-4.0.0.tgz",
      "integrity": "sha1-pN+6i4222BaQRRs6TNidTnPedyI=",
      "requires": {
        "@material/animation": "^4.0.0",
        "@material/auto-init": "^4.0.0",
        "@material/base": "^4.0.0",
        "@material/button": "^4.0.0",
        "@material/card": "^4.0.0",
        "@material/checkbox": "^4.0.0",
        "@material/chips": "^4.0.0",
        "@material/data-table": "^4.0.0",
        "@material/density": "^4.0.0",
        "@material/dialog": "^4.0.0",
        "@material/dom": "^4.0.0",
        "@material/drawer": "^4.0.0",
        "@material/elevation": "^4.0.0",
        "@material/fab": "^4.0.0",
        "@material/feature-targeting": "^4.0.0",
        "@material/floating-label": "^4.0.0",
        "@material/form-field": "^4.0.0",
        "@material/grid-list": "^4.0.0",
        "@material/icon-button": "^4.0.0",
        "@material/image-list": "^4.0.0",
        "@material/layout-grid": "^4.0.0",
        "@material/line-ripple": "^4.0.0",
        "@material/linear-progress": "^4.0.0",
        "@material/list": "^4.0.0",
        "@material/menu": "^4.0.0",
        "@material/menu-surface": "^4.0.0",
        "@material/notched-outline": "^4.0.0",
        "@material/radio": "^4.0.0",
        "@material/ripple": "^4.0.0",
        "@material/rtl": "^4.0.0",
        "@material/select": "^4.0.0",
        "@material/shape": "^4.0.0",
        "@material/slider": "^4.0.0",
        "@material/snackbar": "^4.0.0",
        "@material/switch": "^4.0.0",
        "@material/tab": "^4.0.0",
        "@material/tab-bar": "^4.0.0",
        "@material/tab-indicator": "^4.0.0",
        "@material/tab-scroller": "^4.0.0",
        "@material/textfield": "^4.0.0",
        "@material/theme": "^4.0.0",
        "@material/top-app-bar": "^4.0.0",
        "@material/touch-target": "^4.0.0",
        "@material/typography": "^4.0.0"
      }
    },
    "normalize.css": {
      "version": "8.0.1",
      "resolved": "https://registry.npm.taobao.org/normalize.css/download/normalize.css-8.0.1.tgz",
      "integrity": "sha1-m5iiCHOLnMJjTKrLxC0THJdIe/M="
    },
    "tabbable": {
      "version": "4.0.0",
      "resolved": "https://registry.npm.taobao.org/tabbable/download/tabbable-4.0.0.tgz",
      "integrity": "sha1-W/8dETXfFILPDwIGQ08V6tvrkmE="
    },
    "tslib": {
      "version": "1.10.0",
      "resolved": "https://registry.npm.taobao.org/tslib/download/tslib-1.10.0.tgz",
      "integrity": "sha1-w8GflZc/sKYpc/sJ2Q2WHuQ+XIo="
    },
    "xtend": {
      "version": "4.0.2",
      "resolved": "https://registry.npm.taobao.org/xtend/download/xtend-4.0.2.tgz",
      "integrity": "sha1-u3J3n1+kZRhrH0OPZ0+jR/2121Q="
    }
  }
}
